<?xml version="1.0" encoding="UTF-8" standalone="yes" ?>
<CodeBlocks_project_file>
	<FileVersion major="1" minor="6" />
	<Project>
		<Option title="WidgetsCore" />
		<Option pch_mode="2" />
		<Option compiler="mingw_452_gd" />
		<Build>
			<Target title="Debug">
				<Option output="bin/Debug/WidgetsCore" prefix_auto="1" extension_auto="1" />
				<Option object_output="obj/Debug/" />
				<Option type="1" />
				<Option compiler="mingw_452_gd" />
				<Compiler>
					<Add option="-g" />
				</Compiler>
			</Target>
			<Target title="Release">
				<Option output="bin/Release/WidgetsCore" prefix_auto="1" extension_auto="1" />
				<Option object_output="obj/Release/" />
				<Option type="1" />
				<Option compiler="mingw_452_gd" />
				<Compiler>
					<Add option="-O2" />
				</Compiler>
				<Linker>
					<Add option="-s" />
				</Linker>
			</Target>
		</Build>
		<Compiler>
			<Add option="-Wall" />
		</Compiler>
		<Unit filename="include/WidgetsCore/CameraTools.h" />
		<Unit filename="include/WidgetsCore/ColorTools.h" />
		<Unit filename="include/WidgetsCore/Defs.h" />
		<Unit filename="include/WidgetsCore/Palette.h" />
		<Unit filename="include/WidgetsCore/PaletteEditor.h" />
		<Unit filename="include/WidgetsCore/PaletteSerialization.h" />
		<Unit filename="include/WidgetsCore/TextBox.h" />
		<Unit filename="include/WidgetsCore/Widget.h" />
		<Unit filename="src/CameraTools.cpp" />
		<Unit filename="src/ColorTools.cpp" />
		<Unit filename="src/Palette.cpp" />
		<Unit filename="src/PaletteEditor.cpp" />
		<Unit filename="src/PaletteSerialization.cpp" />
		<Unit filename="src/TextBox.cpp" />
		<Unit filename="src/Widget.cpp" />
		<Unit filename="wxsmith/PaletteEditor.wxs" />
		<Extensions>
			<code_completion />
			<envvars />
			<debugger />
			<lib_finder disable_auto="1" />
			<wxsmith version="1">
				<resources>
					<wxDialog wxs="wxsmith/PaletteEditor.wxs" src="src/PaletteEditor.cpp" hdr="include/WidgetsCore/PaletteEditor.h" fwddecl="0" i18n="1" name="PaletteEditor" language="CPP" />
				</resources>
			</wxsmith>
			<DoxyBlocks>
				<comment_style block="0" line="0" />
				<doxyfile_project />
				<doxyfile_build />
				<doxyfile_warnings />
				<doxyfile_output />
				<doxyfile_dot />
				<general />
			</DoxyBlocks>
		</Extensions>
	</Project>
</CodeBlocks_project_file>
